
Microsoft Visual Studio Solution File, Format Version 12.00
# Visual Studio Version 17
VisualStudioVersion = 17.14.36511.14 d17.14
MinimumVisualStudioVersion = 10.0.40219.1
Project("{FAE04EC0-301F-11D3-BF4B-00C04F79EFBC}") = "Integration.Orchestrator.API", "Integration.Orchestrator.API\Integration.Orchestrator.API.csproj", "{89222FE7-87CE-47E3-B533-A5DB8A313C1F}"
EndProject
Project("{FAE04EC0-301F-11D3-BF4B-00C04F79EFBC}") = "Integration.Orchestrator.Application", "Integration.Orchestrator.Application\Integration.Orchestrator.Application.csproj", "{A0AF3D53-7743-4262-BDA4-D6E87FB939C4}"
EndProject
Project("{FAE04EC0-301F-11D3-BF4B-00C04F79EFBC}") = "Integration.Orchestrator.Domain", "Integration.Orchestrator.Domain\Integration.Orchestrator.Domain.csproj", "{4FA06C21-7E14-4E96-A613-C66820B1939B}"
EndProject
Project("{FAE04EC0-301F-11D3-BF4B-00C04F79EFBC}") = "Integration.Orchestrator.Infrastructure", "Integration.Orchestrator.Infrastructure\Integration.Orchestrator.Infrastructure.csproj", "{F2706117-C861-439E-B72B-35DC23163D90}"
EndProject
Project("{FAE04EC0-301F-11D3-BF4B-00C04F79EFBC}") = "Integration.Orchestrator.Worker", "Integration.Orchestrator.Worker\Integration.Orchestrator.Worker.csproj", "{7E27D293-5E92-4165-9EBE-3258EFE05431}"
EndProject
Global
	GlobalSection(SolutionConfigurationPlatforms) = preSolution
		Debug|Any CPU = Debug|Any CPU
		Release|Any CPU = Release|Any CPU
	EndGlobalSection
	GlobalSection(ProjectConfigurationPlatforms) = postSolution
		{89222FE7-87CE-47E3-B533-A5DB8A313C1F}.Debug|Any CPU.ActiveCfg = Debug|Any CPU
		{89222FE7-87CE-47E3-B533-A5DB8A313C1F}.Debug|Any CPU.Build.0 = Debug|Any CPU
		{89222FE7-87CE-47E3-B533-A5DB8A313C1F}.Release|Any CPU.ActiveCfg = Release|Any CPU
		{89222FE7-87CE-47E3-B533-A5DB8A313C1F}.Release|Any CPU.Build.0 = Release|Any CPU
		{A0AF3D53-7743-4262-BDA4-D6E87FB939C4}.Debug|Any CPU.ActiveCfg = Debug|Any CPU
		{A0AF3D53-7743-4262-BDA4-D6E87FB939C4}.Debug|Any CPU.Build.0 = Debug|Any CPU
		{A0AF3D53-7743-4262-BDA4-D6E87FB939C4}.Release|Any CPU.ActiveCfg = Release|Any CPU
		{A0AF3D53-7743-4262-BDA4-D6E87FB939C4}.Release|Any CPU.Build.0 = Release|Any CPU
		{4FA06C21-7E14-4E96-A613-C66820B1939B}.Debug|Any CPU.ActiveCfg = Debug|Any CPU
		{4FA06C21-7E14-4E96-A613-C66820B1939B}.Debug|Any CPU.Build.0 = Debug|Any CPU
		{4FA06C21-7E14-4E96-A613-C66820B1939B}.Release|Any CPU.ActiveCfg = Release|Any CPU
		{4FA06C21-7E14-4E96-A613-C66820B1939B}.Release|Any CPU.Build.0 = Release|Any CPU
		{F2706117-C861-439E-B72B-35DC23163D90}.Debug|Any CPU.ActiveCfg = Debug|Any CPU
		{F2706117-C861-439E-B72B-35DC23163D90}.Debug|Any CPU.Build.0 = Debug|Any CPU
		{F2706117-C861-439E-B72B-35DC23163D90}.Release|Any CPU.ActiveCfg = Release|Any CPU
		{F2706117-C861-439E-B72B-35DC23163D90}.Release|Any CPU.Build.0 = Release|Any CPU
		{7E27D293-5E92-4165-9EBE-3258EFE05431}.Debug|Any CPU.ActiveCfg = Debug|Any CPU
		{7E27D293-5E92-4165-9EBE-3258EFE05431}.Debug|Any CPU.Build.0 = Debug|Any CPU
		{7E27D293-5E92-4165-9EBE-3258EFE05431}.Release|Any CPU.ActiveCfg = Release|Any CPU
		{7E27D293-5E92-4165-9EBE-3258EFE05431}.Release|Any CPU.Build.0 = Release|Any CPU
	EndGlobalSection
	GlobalSection(SolutionProperties) = preSolution
		HideSolutionNode = FALSE
	EndGlobalSection
	GlobalSection(ExtensibilityGlobals) = postSolution
		SolutionGuid = {1529A560-A920-4B4C-9C88-C0C99B7447B2}
	EndGlobalSection
EndGlobal
